
Microsoft Visual Studio Solution File, Format Version 12.00
# Visual Studio Version 16
VisualStudioVersion = 16.0.31205.134
MinimumVisualStudioVersion = 10.0.40219.1
Project("{9A19103F-16F7-4668-BE54-9A1E7A4F7556}") = "eğitim02", "eğitim02\eğitim02.csproj", "{F3A00225-8BD3-41BB-8B71-8C99BC01DAFE}"
EndProject
Project("{9A19103F-16F7-4668-BE54-9A1E7A4F7556}") = "example", "example\example.csproj", "{D44D079D-0C2A-47F3-9655-F82402BC6B90}"
EndProject
Project("{9A19103F-16F7-4668-BE54-9A1E7A4F7556}") = "müşteritakip", "müşteritakip\müşteritakip.csproj", "{907CD92B-8233-4286-AE04-2C8EA7B6234D}"
EndProject
Project("{FAE04EC0-301F-11D3-BF4B-00C04F79EFBC}") = "MyDictionary", "MyDictionary\MyDictionary.csproj", "{5EB7607C-3115-4297-8092-73CA4F383697}"
EndProject
Global
	GlobalSection(SolutionConfigurationPlatforms) = preSolution
		Debug|Any CPU = Debug|Any CPU
		Release|Any CPU = Release|Any CPU
	EndGlobalSection
	GlobalSection(ProjectConfigurationPlatforms) = postSolution
		{F3A00225-8BD3-41BB-8B71-8C99BC01DAFE}.Debug|Any CPU.ActiveCfg = Debug|Any CPU
		{F3A00225-8BD3-41BB-8B71-8C99BC01DAFE}.Debug|Any CPU.Build.0 = Debug|Any CPU
		{F3A00225-8BD3-41BB-8B71-8C99BC01DAFE}.Release|Any CPU.ActiveCfg = Release|Any CPU
		{F3A00225-8BD3-41BB-8B71-8C99BC01DAFE}.Release|Any CPU.Build.0 = Release|Any CPU
		{D44D079D-0C2A-47F3-9655-F82402BC6B90}.Debug|Any CPU.ActiveCfg = Debug|Any CPU
		{D44D079D-0C2A-47F3-9655-F82402BC6B90}.Debug|Any CPU.Build.0 = Debug|Any CPU
		{D44D079D-0C2A-47F3-9655-F82402BC6B90}.Release|Any CPU.ActiveCfg = Release|Any CPU
		{D44D079D-0C2A-47F3-9655-F82402BC6B90}.Release|Any CPU.Build.0 = Release|Any CPU
		{907CD92B-8233-4286-AE04-2C8EA7B6234D}.Debug|Any CPU.ActiveCfg = Debug|Any CPU
		{907CD92B-8233-4286-AE04-2C8EA7B6234D}.Debug|Any CPU.Build.0 = Debug|Any CPU
		{907CD92B-8233-4286-AE04-2C8EA7B6234D}.Release|Any CPU.ActiveCfg = Release|Any CPU
		{907CD92B-8233-4286-AE04-2C8EA7B6234D}.Release|Any CPU.Build.0 = Release|Any CPU
		{5EB7607C-3115-4297-8092-73CA4F383697}.Debug|Any CPU.ActiveCfg = Debug|Any CPU
		{5EB7607C-3115-4297-8092-73CA4F383697}.Debug|Any CPU.Build.0 = Debug|Any CPU
		{5EB7607C-3115-4297-8092-73CA4F383697}.Release|Any CPU.ActiveCfg = Release|Any CPU
		{5EB7607C-3115-4297-8092-73CA4F383697}.Release|Any CPU.Build.0 = Release|Any CPU
	EndGlobalSection
	GlobalSection(SolutionProperties) = preSolution
		HideSolutionNode = FALSE
	EndGlobalSection
	GlobalSection(ExtensibilityGlobals) = postSolution
		SolutionGuid = {910169DD-795B-4A81-9CF7-2A3A1108DBD7}
	EndGlobalSection
EndGlobal
